// !$*UTF8*$!
{
	archiveVersion = 1;
	classes = {
	};
	objectVersion = 50;
	objects = {

/* Begin PBXBuildFile section */
		E60EE44D2939BB8B00822DC2 /* SpacecraftSceneKitScene.swift in Sources */ = {isa = PBXBuildFile; fileRef = E60EE44B2939BB8B00822DC2 /* SpacecraftSceneKitScene.swift */; };
		E60EE44E2939BB8B00822DC2 /* SpacecraftSceneRendererDelegate.swift in Sources */ = {isa = PBXBuildFile; fileRef = E60EE44C2939BB8B00822DC2 /* SpacecraftSceneRendererDelegate.swift */; };
		E60EE4522939BBF300822DC2 /* SpacecraftCameraState.swift in Sources */ = {isa = PBXBuildFile; fileRef = E60EE44F2939BBF300822DC2 /* SpacecraftCameraState.swift */; };
		E60EE4532939BBF300822DC2 /* SpacecraftState.swift in Sources */ = {isa = PBXBuildFile; fileRef = E60EE4502939BBF300822DC2 /* SpacecraftState.swift */; };
		E60EE4542939BBF300822DC2 /* SpacecraftCamera.swift in Sources */ = {isa = PBXBuildFile; fileRef = E60EE4512939BBF300822DC2 /* SpacecraftCamera.swift */; };
		E60EE4562939BC0E00822DC2 /* SpacecraftSceneView.swift in Sources */ = {isa = PBXBuildFile; fileRef = E60EE4552939BC0E00822DC2 /* SpacecraftSceneView.swift */; };
		E60EE45C2939BE1400822DC2 /* SpacecraftAnimationHelpers.swift in Sources */ = {isa = PBXBuildFile; fileRef = E60EE4592939BE1400822DC2 /* SpacecraftAnimationHelpers.swift */; };
		E60EE45D2939BE1400822DC2 /* CircleButtonHelper.swift in Sources */ = {isa = PBXBuildFile; fileRef = E60EE45A2939BE1400822DC2 /* CircleButtonHelper.swift */; };
		E60EE45E2939BE1400822DC2 /* CircleButtonSize.swift in Sources */ = {isa = PBXBuildFile; fileRef = E60EE45B2939BE1400822DC2 /* CircleButtonSize.swift */; };
		E60EE4652939BEA200822DC2 /* SpacecraftCameraButtonsView.swift in Sources */ = {isa = PBXBuildFile; fileRef = E60EE4612939BEA200822DC2 /* SpacecraftCameraButtonsView.swift */; };
		E60EE4682939BED900822DC2 /* SpacecraftCameraButton.swift in Sources */ = {isa = PBXBuildFile; fileRef = E60EE4672939BED900822DC2 /* SpacecraftCameraButton.swift */; };
		E60EE46B2939C05200822DC2 /* SpacecraftAnalyticsButton.swift in Sources */ = {isa = PBXBuildFile; fileRef = E60EE46A2939C05200822DC2 /* SpacecraftAnalyticsButton.swift */; };
		E60EE46D2939C0A000822DC2 /* SpacecraftAnalyticsButtonView.swift in Sources */ = {isa = PBXBuildFile; fileRef = E60EE46C2939C0A000822DC2 /* SpacecraftAnalyticsButtonView.swift */; };
		E6FB1CF224D3837D0086CD4B /* SceneKitSwiftUIGesturesDemoAppApp.swift in Sources */ = {isa = PBXBuildFile; fileRef = E6FB1CF124D3837D0086CD4B /* SceneKitSwiftUIGesturesDemoAppApp.swift */; };
		E6FB1CF424D3837D0086CD4B /* ContentView.swift in Sources */ = {isa = PBXBuildFile; fileRef = E6FB1CF324D3837D0086CD4B /* ContentView.swift */; };
		E6FB1CF624D383800086CD4B /* Assets.xcassets in Resources */ = {isa = PBXBuildFile; fileRef = E6FB1CF524D383800086CD4B /* Assets.xcassets */; };
		E6FB1CF924D383800086CD4B /* Preview Assets.xcassets in Resources */ = {isa = PBXBuildFile; fileRef = E6FB1CF824D383800086CD4B /* Preview Assets.xcassets */; };
		E6FB1D0424D385F80086CD4B /* art.scnassets in Resources */ = {isa = PBXBuildFile; fileRef = E6FB1D0324D385F80086CD4B /* art.scnassets */; };
/* End PBXBuildFile section */

/* Begin PBXFileReference section */
		E60EE44B2939BB8B00822DC2 /* SpacecraftSceneKitScene.swift */ = {isa = PBXFileReference; fileEncoding = 4; lastKnownFileType = sourcecode.swift; path = SpacecraftSceneKitScene.swift; sourceTree = "<group>"; };
		E60EE44C2939BB8B00822DC2 /* SpacecraftSceneRendererDelegate.swift */ = {isa = PBXFileReference; fileEncoding = 4; lastKnownFileType = sourcecode.swift; path = SpacecraftSceneRendererDelegate.swift; sourceTree = "<group>"; };
		E60EE44F2939BBF300822DC2 /* SpacecraftCameraState.swift */ = {isa = PBXFileReference; fileEncoding = 4; lastKnownFileType = sourcecode.swift; path = SpacecraftCameraState.swift; sourceTree = "<group>"; };
		E60EE4502939BBF300822DC2 /* SpacecraftState.swift */ = {isa = PBXFileReference; fileEncoding = 4; lastKnownFileType = sourcecode.swift; path = SpacecraftState.swift; sourceTree = "<group>"; };
		E60EE4512939BBF300822DC2 /* SpacecraftCamera.swift */ = {isa = PBXFileReference; fileEncoding = 4; lastKnownFileType = sourcecode.swift; path = SpacecraftCamera.swift; sourceTree = "<group>"; };
		E60EE4552939BC0E00822DC2 /* SpacecraftSceneView.swift */ = {isa = PBXFileReference; fileEncoding = 4; lastKnownFileType = sourcecode.swift; path = SpacecraftSceneView.swift; sourceTree = "<group>"; };
		E60EE4592939BE1400822DC2 /* SpacecraftAnimationHelpers.swift */ = {isa = PBXFileReference; fileEncoding = 4; lastKnownFileType = sourcecode.swift; path = SpacecraftAnimationHelpers.swift; sourceTree = "<group>"; };
		E60EE45A2939BE1400822DC2 /* CircleButtonHelper.swift */ = {isa = PBXFileReference; fileEncoding = 4; lastKnownFileType = sourcecode.swift; path = CircleButtonHelper.swift; sourceTree = "<group>"; };
		E60EE45B2939BE1400822DC2 /* CircleButtonSize.swift */ = {isa = PBXFileReference; fileEncoding = 4; lastKnownFileType = sourcecode.swift; path = CircleButtonSize.swift; sourceTree = "<group>"; };
		E60EE4612939BEA200822DC2 /* SpacecraftCameraButtonsView.swift */ = {isa = PBXFileReference; fileEncoding = 4; lastKnownFileType = sourcecode.swift; path = SpacecraftCameraButtonsView.swift; sourceTree = "<group>"; };
		E60EE4672939BED900822DC2 /* SpacecraftCameraButton.swift */ = {isa = PBXFileReference; fileEncoding = 4; lastKnownFileType = sourcecode.swift; path = SpacecraftCameraButton.swift; sourceTree = "<group>"; };
		E60EE46A2939C05200822DC2 /* SpacecraftAnalyticsButton.swift */ = {isa = PBXFileReference; fileEncoding = 4; lastKnownFileType = sourcecode.swift; path = SpacecraftAnalyticsButton.swift; sourceTree = "<group>"; };
		E60EE46C2939C0A000822DC2 /* SpacecraftAnalyticsButtonView.swift */ = {isa = PBXFileReference; fileEncoding = 4; lastKnownFileType = sourcecode.swift; path = SpacecraftAnalyticsButtonView.swift; sourceTree = "<group>"; };
		E6FB1CEE24D3837D0086CD4B /* SceneKitSwiftUIGesturesDemoApp.app */ = {isa = PBXFileReference; explicitFileType = wrapper.application; includeInIndex = 0; path = SceneKitSwiftUIGesturesDemoApp.app; sourceTree = BUILT_PRODUCTS_DIR; };
		E6FB1CF124D3837D0086CD4B /* SceneKitSwiftUIGesturesDemoAppApp.swift */ = {isa = PBXFileReference; lastKnownFileType = sourcecode.swift; path = SceneKitSwiftUIGesturesDemoAppApp.swift; sourceTree = "<group>"; };
		E6FB1CF324D3837D0086CD4B /* ContentView.swift */ = {isa = PBXFileReference; lastKnownFileType = sourcecode.swift; path = ContentView.swift; sourceTree = "<group>"; };
		E6FB1CF524D383800086CD4B /* Assets.xcassets */ = {isa = PBXFileReference; lastKnownFileType = folder.assetcatalog; path = Assets.xcassets; sourceTree = "<group>"; };
		E6FB1CF824D383800086CD4B /* Preview Assets.xcassets */ = {isa = PBXFileReference; lastKnownFileType = folder.assetcatalog; path = "Preview Assets.xcassets"; sourceTree = "<group>"; };
		E6FB1CFA24D383800086CD4B /* Info.plist */ = {isa = PBXFileReference; lastKnownFileType = text.plist.xml; path = Info.plist; sourceTree = "<group>"; };
		E6FB1D0324D385F80086CD4B /* art.scnassets */ = {isa = PBXFileReference; lastKnownFileType = wrapper.scnassets; path = art.scnassets; sourceTree = "<group>"; };
/* End PBXFileReference section */

/* Begin PBXFrameworksBuildPhase section */
		E6FB1CEB24D3837D0086CD4B /* Frameworks */ = {
			isa = PBXFrameworksBuildPhase;
			buildActionMask = 2147483647;
			files = (
			);
			runOnlyForDeploymentPostprocessing = 0;
		};
/* End PBXFrameworksBuildPhase section */

/* Begin PBXGroup section */
		E60EE4572939BC5A00822DC2 /* SceneKit */ = {
			isa = PBXGroup;
			children = (
				E60EE44B2939BB8B00822DC2 /* SpacecraftSceneKitScene.swift */,
				E60EE44C2939BB8B00822DC2 /* SpacecraftSceneRendererDelegate.swift */,
			);
			path = SceneKit;
			sourceTree = "<group>";
		};
		E60EE4582939BC9500822DC2 /* Observables and Helpers */ = {
			isa = PBXGroup;
			children = (
				E60EE4592939BE1400822DC2 /* SpacecraftAnimationHelpers.swift */,
				E60EE4512939BBF300822DC2 /* SpacecraftCamera.swift */,
				E60EE4502939BBF300822DC2 /* SpacecraftState.swift */,
				E60EE45A2939BE1400822DC2 /* CircleButtonHelper.swift */,
				E60EE45B2939BE1400822DC2 /* CircleButtonSize.swift */,
			);
			path = "Observables and Helpers";
			sourceTree = "<group>";
		};
		E60EE4692939C01E00822DC2 /* Controls */ = {
			isa = PBXGroup;
			children = (
				E60EE46A2939C05200822DC2 /* SpacecraftAnalyticsButton.swift */,
				E60EE4672939BED900822DC2 /* SpacecraftCameraButton.swift */,
			);
			path = Controls;
			sourceTree = "<group>";
		};
		E6B61C9B293F144100E8662F /* Code for Apple Code Level Support Request */ = {
			isa = PBXGroup;
			children = (
				E60EE4552939BC0E00822DC2 /* SpacecraftSceneView.swift */,
				E60EE44F2939BBF300822DC2 /* SpacecraftCameraState.swift */,
			);
			path = "Code for Apple Code Level Support Request";
			sourceTree = "<group>";
		};
		E6B61C9C293F148C00E8662F /* Demo App Code */ = {
			isa = PBXGroup;
			children = (
				E60EE4572939BC5A00822DC2 /* SceneKit */,
				E6FB1D0524D3864B0086CD4B /* Views */,
				E60EE4692939C01E00822DC2 /* Controls */,
				E60EE4582939BC9500822DC2 /* Observables and Helpers */,
			);
			path = "Demo App Code";
			sourceTree = "<group>";
		};
		E6FB1CE524D3837D0086CD4B = {
			isa = PBXGroup;
			children = (
				E6FB1CF024D3837D0086CD4B /* SceneKitSwiftUIGesturesDemoApp */,
				E6FB1CEF24D3837D0086CD4B /* Products */,
			);
			sourceTree = "<group>";
		};
		E6FB1CEF24D3837D0086CD4B /* Products */ = {
			isa = PBXGroup;
			children = (
				E6FB1CEE24D3837D0086CD4B /* SceneKitSwiftUIGesturesDemoApp.app */,
			);
			name = Products;
			sourceTree = "<group>";
		};
		E6FB1CF024D3837D0086CD4B /* SceneKitSwiftUIGesturesDemoApp */ = {
			isa = PBXGroup;
			children = (
				E6FB1CF124D3837D0086CD4B /* SceneKitSwiftUIGesturesDemoAppApp.swift */,
				E6FB1CF324D3837D0086CD4B /* ContentView.swift */,
				E6B61C9B293F144100E8662F /* Code for Apple Code Level Support Request */,
				E6B61C9C293F148C00E8662F /* Demo App Code */,
				E6FB1D0324D385F80086CD4B /* art.scnassets */,
				E6FB1CF524D383800086CD4B /* Assets.xcassets */,
				E6FB1CFA24D383800086CD4B /* Info.plist */,
				E6FB1CF724D383800086CD4B /* Preview Content */,
			);
			path = SceneKitSwiftUIGesturesDemoApp;
			sourceTree = "<group>";
		};
		E6FB1CF724D383800086CD4B /* Preview Content */ = {
			isa = PBXGroup;
			children = (
				E6FB1CF824D383800086CD4B /* Preview Assets.xcassets */,
			);
			path = "Preview Content";
			sourceTree = "<group>";
		};
		E6FB1D0524D3864B0086CD4B /* Views */ = {
			isa = PBXGroup;
			children = (
				E60EE46C2939C0A000822DC2 /* SpacecraftAnalyticsButtonView.swift */,
				E60EE4612939BEA200822DC2 /* SpacecraftCameraButtonsView.swift */,
			);
			path = Views;
			sourceTree = "<group>";
		};
/* End PBXGroup section */

/* Begin PBXNativeTarget section */
		E6FB1CED24D3837D0086CD4B /* SceneKitSwiftUIGesturesDemoApp */ = {
			isa = PBXNativeTarget;
			buildConfigurationList = E6FB1CFD24D383800086CD4B /* Build configuration list for PBXNativeTarget "SceneKitSwiftUIGesturesDemoApp" */;
			buildPhases = (
				E6FB1CEA24D3837D0086CD4B /* Sources */,
				E6FB1CEB24D3837D0086CD4B /* Frameworks */,
				E6FB1CEC24D3837D0086CD4B /* Resources */,
			);
			buildRules = (
			);
			dependencies = (
			);
			name = SceneKitSwiftUIGesturesDemoApp;
			productName = SceneKitSwiftUIGesturesDemoApp;
			productReference = E6FB1CEE24D3837D0086CD4B /* SceneKitSwiftUIGesturesDemoApp.app */;
			productType = "com.apple.product-type.application";
		};
/* End PBXNativeTarget section */

/* Begin PBXProject section */
		E6FB1CE624D3837D0086CD4B /* Project object */ = {
			isa = PBXProject;
			attributes = {
				LastSwiftUpdateCheck = 1200;
				LastUpgradeCheck = 1200;
				TargetAttributes = {
					E6FB1CED24D3837D0086CD4B = {
						CreatedOnToolsVersion = 12.0;
					};
				};
			};
			buildConfigurationList = E6FB1CE924D3837D0086CD4B /* Build configuration list for PBXProject "SceneKitSwiftUIGesturesDemoApp" */;
			compatibilityVersion = "Xcode 9.3";
			developmentRegion = en;
			hasScannedForEncodings = 0;
			knownRegions = (
				en,
				Base,
			);
			mainGroup = E6FB1CE524D3837D0086CD4B;
			productRefGroup = E6FB1CEF24D3837D0086CD4B /* Products */;
			projectDirPath = "";
			projectRoot = "";
			targets = (
				E6FB1CED24D3837D0086CD4B /* SceneKitSwiftUIGesturesDemoApp */,
			);
		};
/* End PBXProject section */

/* Begin PBXResourcesBuildPhase section */
		E6FB1CEC24D3837D0086CD4B /* Resources */ = {
			isa = PBXResourcesBuildPhase;
			buildActionMask = 2147483647;
			files = (
				E6FB1CF924D383800086CD4B /* Preview Assets.xcassets in Resources */,
				E6FB1D0424D385F80086CD4B /* art.scnassets in Resources */,
				E6FB1CF624D383800086CD4B /* Assets.xcassets in Resources */,
			);
			runOnlyForDeploymentPostprocessing = 0;
		};
/* End PBXResourcesBuildPhase section */

/* Begin PBXSourcesBuildPhase section */
		E6FB1CEA24D3837D0086CD4B /* Sources */ = {
			isa = PBXSourcesBuildPhase;
			buildActionMask = 2147483647;
			files = (
				E60EE44D2939BB8B00822DC2 /* SpacecraftSceneKitScene.swift in Sources */,
				E60EE46D2939C0A000822DC2 /* SpacecraftAnalyticsButtonView.swift in Sources */,
				E6FB1CF424D3837D0086CD4B /* ContentView.swift in Sources */,
				E60EE44E2939BB8B00822DC2 /* SpacecraftSceneRendererDelegate.swift in Sources */,
				E60EE4532939BBF300822DC2 /* SpacecraftState.swift in Sources */,
				E60EE4542939BBF300822DC2 /* SpacecraftCamera.swift in Sources */,
				E60EE4682939BED900822DC2 /* SpacecraftCameraButton.swift in Sources */,
				E60EE46B2939C05200822DC2 /* SpacecraftAnalyticsButton.swift in Sources */,
				E60EE4522939BBF300822DC2 /* SpacecraftCameraState.swift in Sources */,
				E60EE45C2939BE1400822DC2 /* SpacecraftAnimationHelpers.swift in Sources */,
				E6FB1CF224D3837D0086CD4B /* SceneKitSwiftUIGesturesDemoAppApp.swift in Sources */,
				E60EE4562939BC0E00822DC2 /* SpacecraftSceneView.swift in Sources */,
				E60EE45D2939BE1400822DC2 /* CircleButtonHelper.swift in Sources */,
				E60EE45E2939BE1400822DC2 /* CircleButtonSize.swift in Sources */,
				E60EE4652939BEA200822DC2 /* SpacecraftCameraButtonsView.swift in Sources */,
			);
			runOnlyForDeploymentPostprocessing = 0;
		};
/* End PBXSourcesBuildPhase section */

/* Begin XCBuildConfiguration section */
		E6FB1CFB24D383800086CD4B /* Debug */ = {
			isa = XCBuildConfiguration;
			buildSettings = {
				ALWAYS_SEARCH_USER_PATHS = NO;
				CLANG_ANALYZER_NONNULL = YES;
				CLANG_ANALYZER_NUMBER_OBJECT_CONVERSION = YES_AGGRESSIVE;
				CLANG_CXX_LANGUAGE_STANDARD = "gnu++14";
				CLANG_CXX_LIBRARY = "libc++";
				CLANG_ENABLE_MODULES = YES;
				CLANG_ENABLE_OBJC_ARC = YES;
				CLANG_ENABLE_OBJC_WEAK = YES;
				CLANG_WARN_BLOCK_CAPTURE_AUTORELEASING = YES;
				CLANG_WARN_BOOL_CONVERSION = YES;
				CLANG_WARN_COMMA = YES;
				CLANG_WARN_CONSTANT_CONVERSION = YES;
				CLANG_WARN_DEPRECATED_OBJC_IMPLEMENTATIONS = YES;
				CLANG_WARN_DIRECT_OBJC_ISA_USAGE = YES_ERROR;
				CLANG_WARN_DOCUMENTATION_COMMENTS = YES;
				CLANG_WARN_EMPTY_BODY = YES;
				CLANG_WARN_ENUM_CONVERSION = YES;
				CLANG_WARN_INFINITE_RECURSION = YES;
				CLANG_WARN_INT_CONVERSION = YES;
				CLANG_WARN_NON_LITERAL_NULL_CONVERSION = YES;
				CLANG_WARN_OBJC_IMPLICIT_RETAIN_SELF = YES;
				CLANG_WARN_OBJC_LITERAL_CONVERSION = YES;
				CLANG_WARN_OBJC_ROOT_CLASS = YES_ERROR;
				CLANG_WARN_QUOTED_INCLUDE_IN_FRAMEWORK_HEADER = YES;
				CLANG_WARN_RANGE_LOOP_ANALYSIS = YES;
				CLANG_WARN_STRICT_PROTOTYPES = YES;
				CLANG_WARN_SUSPICIOUS_MOVE = YES;
				CLANG_WARN_UNGUARDED_AVAILABILITY = YES_AGGRESSIVE;
				CLANG_WARN_UNREACHABLE_CODE = YES;
				CLANG_WARN__DUPLICATE_METHOD_MATCH = YES;
				COPY_PHASE_STRIP = NO;
				DEBUG_INFORMATION_FORMAT = dwarf;
				ENABLE_STRICT_OBJC_MSGSEND = YES;
				ENABLE_TESTABILITY = YES;
				GCC_C_LANGUAGE_STANDARD = gnu11;
				GCC_DYNAMIC_NO_PIC = NO;
				GCC_NO_COMMON_BLOCKS = YES;
				GCC_OPTIMIZATION_LEVEL = 0;
				GCC_PREPROCESSOR_DEFINITIONS = (
					"DEBUG=1",
					"$(inherited)",
				);
				GCC_WARN_64_TO_32_BIT_CONVERSION = YES;
				GCC_WARN_ABOUT_RETURN_TYPE = YES_ERROR;
				GCC_WARN_UNDECLARED_SELECTOR = YES;
				GCC_WARN_UNINITIALIZED_AUTOS = YES_AGGRESSIVE;
				GCC_WARN_UNUSED_FUNCTION = YES;
				GCC_WARN_UNUSED_VARIABLE = YES;
				IPHONEOS_DEPLOYMENT_TARGET = 16.1;
				MTL_ENABLE_DEBUG_INFO = INCLUDE_SOURCE;
				MTL_FAST_MATH = YES;
				ONLY_ACTIVE_ARCH = YES;
				SDKROOT = iphoneos;
				SWIFT_ACTIVE_COMPILATION_CONDITIONS = DEBUG;
				SWIFT_OPTIMIZATION_LEVEL = "-Onone";
			};
			name = Debug;
		};
		E6FB1CFC24D383800086CD4B /* Release */ = {
			isa = XCBuildConfiguration;
			buildSettings = {
				ALWAYS_SEARCH_USER_PATHS = NO;
				CLANG_ANALYZER_NONNULL = YES;
				CLANG_ANALYZER_NUMBER_OBJECT_CONVERSION = YES_AGGRESSIVE;
				CLANG_CXX_LANGUAGE_STANDARD = "gnu++14";
				CLANG_CXX_LIBRARY = "libc++";
				CLANG_ENABLE_MODULES = YES;
				CLANG_ENABLE_OBJC_ARC = YES;
				CLANG_ENABLE_OBJC_WEAK = YES;
				CLANG_WARN_BLOCK_CAPTURE_AUTORELEASING = YES;
				CLANG_WARN_BOOL_CONVERSION = YES;
				CLANG_WARN_COMMA = YES;
				CLANG_WARN_CONSTANT_CONVERSION = YES;
				CLANG_WARN_DEPRECATED_OBJC_IMPLEMENTATIONS = YES;
				CLANG_WARN_DIRECT_OBJC_ISA_USAGE = YES_ERROR;
				CLANG_WARN_DOCUMENTATION_COMMENTS = YES;
				CLANG_WARN_EMPTY_BODY = YES;
				CLANG_WARN_ENUM_CONVERSION = YES;
				CLANG_WARN_INFINITE_RECURSION = YES;
				CLANG_WARN_INT_CONVERSION = YES;
				CLANG_WARN_NON_LITERAL_NULL_CONVERSION = YES;
				CLANG_WARN_OBJC_IMPLICIT_RETAIN_SELF = YES;
				CLANG_WARN_OBJC_LITERAL_CONVERSION = YES;
				CLANG_WARN_OBJC_ROOT_CLASS = YES_ERROR;
				CLANG_WARN_QUOTED_INCLUDE_IN_FRAMEWORK_HEADER = YES;
				CLANG_WARN_RANGE_LOOP_ANALYSIS = YES;
				CLANG_WARN_STRICT_PROTOTYPES = YES;
				CLANG_WARN_SUSPICIOUS_MOVE = YES;
				CLANG_WARN_UNGUARDED_AVAILABILITY = YES_AGGRESSIVE;
				CLANG_WARN_UNREACHABLE_CODE = YES;
				CLANG_WARN__DUPLICATE_METHOD_MATCH = YES;
				COPY_PHASE_STRIP = NO;
				DEBUG_INFORMATION_FORMAT = "dwarf-with-dsym";
				ENABLE_NS_ASSERTIONS = NO;
				ENABLE_STRICT_OBJC_MSGSEND = YES;
				GCC_C_LANGUAGE_STANDARD = gnu11;
				GCC_NO_COMMON_BLOCKS = YES;
				GCC_WARN_64_TO_32_BIT_CONVERSION = YES;
				GCC_WARN_ABOUT_RETURN_TYPE = YES_ERROR;
				GCC_WARN_UNDECLARED_SELECTOR = YES;
				GCC_WARN_UNINITIALIZED_AUTOS = YES_AGGRESSIVE;
				GCC_WARN_UNUSED_FUNCTION = YES;
				GCC_WARN_UNUSED_VARIABLE = YES;
				IPHONEOS_DEPLOYMENT_TARGET = 16.1;
				MTL_ENABLE_DEBUG_INFO = NO;
				MTL_FAST_MATH = YES;
				SDKROOT = iphoneos;
				SWIFT_COMPILATION_MODE = wholemodule;
				SWIFT_OPTIMIZATION_LEVEL = "-O";
				VALIDATE_PRODUCT = YES;
			};
			name = Release;
		};
		E6FB1CFE24D383800086CD4B /* Debug */ = {
			isa = XCBuildConfiguration;
			buildSettings = {
				ASSETCATALOG_COMPILER_APPICON_NAME = AppIcon;
				ASSETCATALOG_COMPILER_GLOBAL_ACCENT_COLOR_NAME = AccentColor;
				CODE_SIGN_STYLE = Automatic;
				DEVELOPMENT_ASSET_PATHS = "\"SceneKitSwiftUIGesturesDemoApp/Preview Content\"";
				DEVELOPMENT_TEAM = 7CCAB8L658;
				ENABLE_PREVIEWS = YES;
				INFOPLIST_FILE = SceneKitSwiftUIGesturesDemoApp/Info.plist;
				IPHONEOS_DEPLOYMENT_TARGET = 16.1;
				LD_RUNPATH_SEARCH_PATHS = (
					"$(inherited)",
					"@executable_path/Frameworks",
				);
				PRODUCT_BUNDLE_IDENTIFIER = com.portablefrontier.SceneKitSwiftUIGesturesDemoApp;
				PRODUCT_NAME = "$(TARGET_NAME)";
				SUPPORTED_PLATFORMS = "iphoneos iphonesimulator";
				SUPPORTS_MACCATALYST = NO;
				SUPPORTS_MAC_DESIGNED_FOR_IPHONE_IPAD = NO;
				SWIFT_VERSION = 5.0;
				TARGETED_DEVICE_FAMILY = "1,2";
			};
			name = Debug;
		};
		E6FB1CFF24D383800086CD4B /* Release */ = {
			isa = XCBuildConfiguration;
			buildSettings = {
				ASSETCATALOG_COMPILER_APPICON_NAME = AppIcon;
				ASSETCATALOG_COMPILER_GLOBAL_ACCENT_COLOR_NAME = AccentColor;
				CODE_SIGN_STYLE = Automatic;
				DEVELOPMENT_ASSET_PATHS = "\"SceneKitSwiftUIGesturesDemoApp/Preview Content\"";
				DEVELOPMENT_TEAM = 7CCAB8L658;
				ENABLE_PREVIEWS = YES;
				INFOPLIST_FILE = SceneKitSwiftUIGesturesDemoApp/Info.plist;
				IPHONEOS_DEPLOYMENT_TARGET = 16.1;
				LD_RUNPATH_SEARCH_PATHS = (
					"$(inherited)",
					"@executable_path/Frameworks",
				);
				PRODUCT_BUNDLE_IDENTIFIER = com.portablefrontier.SceneKitSwiftUIGesturesDemoApp;
				PRODUCT_NAME = "$(TARGET_NAME)";
				SUPPORTED_PLATFORMS = "iphoneos iphonesimulator";
				SUPPORTS_MACCATALYST = NO;
				SUPPORTS_MAC_DESIGNED_FOR_IPHONE_IPAD = NO;
				SWIFT_VERSION = 5.0;
				TARGETED_DEVICE_FAMILY = "1,2";
			};
			name = Release;
		};
/* End XCBuildConfiguration section */

/* Begin XCConfigurationList section */
		E6FB1CE924D3837D0086CD4B /* Build configuration list for PBXProject "SceneKitSwiftUIGesturesDemoApp" */ = {
			isa = XCConfigurationList;
			buildConfigurations = (
				E6FB1CFB24D383800086CD4B /* Debug */,
				E6FB1CFC24D383800086CD4B /* Release */,
			);
			defaultConfigurationIsVisible = 0;
			defaultConfigurationName = Release;
		};
		E6FB1CFD24D383800086CD4B /* Build configuration list for PBXNativeTarget "SceneKitSwiftUIGesturesDemoApp" */ = {
			isa = XCConfigurationList;
			buildConfigurations = (
				E6FB1CFE24D383800086CD4B /* Debug */,
				E6FB1CFF24D383800086CD4B /* Release */,
			);
			defaultConfigurationIsVisible = 0;
			defaultConfigurationName = Release;
		};
/* End XCConfigurationList section */
	};
	rootObject = E6FB1CE624D3837D0086CD4B /* Project object */;
}
